
Microsoft Visual Studio Solution File, Format Version 12.00
# Visual Studio Version 17
VisualStudioVersion = 17.8.34408.163
MinimumVisualStudioVersion = 10.0.40219.1
Project("{FAE04EC0-301F-11D3-BF4B-00C04F79EFBC}") = "test_3_11", "test_3_11\test_3_11.csproj", "{25249887-06FE-48F0-A87B-6247EFEA98FF}"
EndProject
Global
	GlobalSection(SolutionConfigurationPlatforms) = preSolution
		Debug|Any CPU = Debug|Any CPU
		Release|Any CPU = Release|Any CPU
	EndGlobalSection
	GlobalSection(ProjectConfigurationPlatforms) = postSolution
		{25249887-06FE-48F0-A87B-6247EFEA98FF}.Debug|Any CPU.ActiveCfg = Debug|Any CPU
		{25249887-06FE-48F0-A87B-6247EFEA98FF}.Debug|Any CPU.Build.0 = Debug|Any CPU
		{25249887-06FE-48F0-A87B-6247EFEA98FF}.Release|Any CPU.ActiveCfg = Release|Any CPU
		{25249887-06FE-48F0-A87B-6247EFEA98FF}.Release|Any CPU.Build.0 = Release|Any CPU
	EndGlobalSection
	GlobalSection(SolutionProperties) = preSolution
		HideSolutionNode = FALSE
	EndGlobalSection
	GlobalSection(ExtensibilityGlobals) = postSolution
		SolutionGuid = {523708C4-C026-4E81-8230-B8D15ECDC783}
	EndGlobalSection
EndGlobal
