
Microsoft Visual Studio Solution File, Format Version 12.00
# Visual Studio Version 17
VisualStudioVersion = 17.8.34408.163
MinimumVisualStudioVersion = 10.0.40219.1
Project("{FAE04EC0-301F-11D3-BF4B-00C04F79EFBC}") = "test_3_23_1", "test_3_23_1\test_3_23_1.csproj", "{8A64C906-9E75-48C2-AC59-65EEE19B3C6F}"
EndProject
Global
	GlobalSection(SolutionConfigurationPlatforms) = preSolution
		Debug|Any CPU = Debug|Any CPU
		Release|Any CPU = Release|Any CPU
	EndGlobalSection
	GlobalSection(ProjectConfigurationPlatforms) = postSolution
		{8A64C906-9E75-48C2-AC59-65EEE19B3C6F}.Debug|Any CPU.ActiveCfg = Debug|Any CPU
		{8A64C906-9E75-48C2-AC59-65EEE19B3C6F}.Debug|Any CPU.Build.0 = Debug|Any CPU
		{8A64C906-9E75-48C2-AC59-65EEE19B3C6F}.Release|Any CPU.ActiveCfg = Release|Any CPU
		{8A64C906-9E75-48C2-AC59-65EEE19B3C6F}.Release|Any CPU.Build.0 = Release|Any CPU
	EndGlobalSection
	GlobalSection(SolutionProperties) = preSolution
		HideSolutionNode = FALSE
	EndGlobalSection
	GlobalSection(ExtensibilityGlobals) = postSolution
		SolutionGuid = {D113ACE0-D821-44F4-BCD7-F9BAFFC05FBB}
	EndGlobalSection
EndGlobal
