
Microsoft Visual Studio Solution File, Format Version 12.00
# Visual Studio Version 17
VisualStudioVersion = 17.8.34408.163
MinimumVisualStudioVersion = 10.0.40219.1
Project("{FAE04EC0-301F-11D3-BF4B-00C04F79EFBC}") = "test_5_6", "test_5_6\test_5_6.csproj", "{A27202D6-98CB-4C2A-9E04-6BA3154AC7A2}"
EndProject
Global
	GlobalSection(SolutionConfigurationPlatforms) = preSolution
		Debug|Any CPU = Debug|Any CPU
		Release|Any CPU = Release|Any CPU
	EndGlobalSection
	GlobalSection(ProjectConfigurationPlatforms) = postSolution
		{A27202D6-98CB-4C2A-9E04-6BA3154AC7A2}.Debug|Any CPU.ActiveCfg = Debug|Any CPU
		{A27202D6-98CB-4C2A-9E04-6BA3154AC7A2}.Debug|Any CPU.Build.0 = Debug|Any CPU
		{A27202D6-98CB-4C2A-9E04-6BA3154AC7A2}.Release|Any CPU.ActiveCfg = Release|Any CPU
		{A27202D6-98CB-4C2A-9E04-6BA3154AC7A2}.Release|Any CPU.Build.0 = Release|Any CPU
	EndGlobalSection
	GlobalSection(SolutionProperties) = preSolution
		HideSolutionNode = FALSE
	EndGlobalSection
	GlobalSection(ExtensibilityGlobals) = postSolution
		SolutionGuid = {95BF3882-FB42-4252-A410-6C73D412BD86}
	EndGlobalSection
EndGlobal
